{
  "requires": true,
  "lockfileVersion": 1,
  "dependencies": {
    "webextension-polyfill": {
      "version": "0.8.0",
      "resolved": "https://registry.nlark.com/webextension-polyfill/download/webextension-polyfill-0.8.0.tgz",
      "integrity": "sha1-+A6fS3+BggxCCr1v++v6g4xg4EE=",
      "dev": true
    }
  }
}
